// !$*UTF8*$!
{
	archiveVersion = 1;
	classes = {
	};
	objectVersion = 55;
	objects = {

/* Begin PBXBuildFile section */
		220FB0A3281FD3930021AB97 /* IGCollectionReusableView.swift in Sources */ = {isa = PBXBuildFile; fileRef = 220FB0A2281FD3930021AB97 /* IGCollectionReusableView.swift */; };
		220FB0A5282026110021AB97 /* DetailTableViewController.swift in Sources */ = {isa = PBXBuildFile; fileRef = 220FB0A4282026110021AB97 /* DetailTableViewController.swift */; };
		220FB0A7282026260021AB97 /* DetailTableViewCell.swift in Sources */ = {isa = PBXBuildFile; fileRef = 220FB0A6282026260021AB97 /* DetailTableViewCell.swift */; };
		220FB0AA2820F7270021AB97 /* Fuzi in Frameworks */ = {isa = PBXBuildFile; productRef = 220FB0A92820F7270021AB97 /* Fuzi */; };
		22BF3DC72815088F0018C563 /* AppDelegate.swift in Sources */ = {isa = PBXBuildFile; fileRef = 22BF3DC62815088F0018C563 /* AppDelegate.swift */; };
		22BF3DC92815088F0018C563 /* SceneDelegate.swift in Sources */ = {isa = PBXBuildFile; fileRef = 22BF3DC82815088F0018C563 /* SceneDelegate.swift */; };
		22BF3DCE2815088F0018C563 /* Main.storyboard in Resources */ = {isa = PBXBuildFile; fileRef = 22BF3DCC2815088F0018C563 /* Main.storyboard */; };
		22BF3DD0281508900018C563 /* Assets.xcassets in Resources */ = {isa = PBXBuildFile; fileRef = 22BF3DCF281508900018C563 /* Assets.xcassets */; };
		22BF3DD3281508900018C563 /* LaunchScreen.storyboard in Resources */ = {isa = PBXBuildFile; fileRef = 22BF3DD1281508900018C563 /* LaunchScreen.storyboard */; };
		22BF3DDB281537180018C563 /* IGCollectionViewController.swift in Sources */ = {isa = PBXBuildFile; fileRef = 22BF3DDA281537180018C563 /* IGCollectionViewController.swift */; };
		22BF3DDD281558FF0018C563 /* IGCollectionViewCell.swift in Sources */ = {isa = PBXBuildFile; fileRef = 22BF3DDC281558FF0018C563 /* IGCollectionViewCell.swift */; };
		22BF3DDF28155C7A0018C563 /* InstagramResponse.swift in Sources */ = {isa = PBXBuildFile; fileRef = 22BF3DDE28155C7A0018C563 /* InstagramResponse.swift */; };
/* End PBXBuildFile section */

/* Begin PBXFileReference section */
		220FB0A2281FD3930021AB97 /* IGCollectionReusableView.swift */ = {isa = PBXFileReference; lastKnownFileType = sourcecode.swift; path = IGCollectionReusableView.swift; sourceTree = "<group>"; };
		220FB0A4282026110021AB97 /* DetailTableViewController.swift */ = {isa = PBXFileReference; lastKnownFileType = sourcecode.swift; path = DetailTableViewController.swift; sourceTree = "<group>"; };
		220FB0A6282026260021AB97 /* DetailTableViewCell.swift */ = {isa = PBXFileReference; lastKnownFileType = sourcecode.swift; path = DetailTableViewCell.swift; sourceTree = "<group>"; };
		22BF3DC32815088F0018C563 /* IGApiApp.app */ = {isa = PBXFileReference; explicitFileType = wrapper.application; includeInIndex = 0; path = IGApiApp.app; sourceTree = BUILT_PRODUCTS_DIR; };
		22BF3DC62815088F0018C563 /* AppDelegate.swift */ = {isa = PBXFileReference; lastKnownFileType = sourcecode.swift; path = AppDelegate.swift; sourceTree = "<group>"; };
		22BF3DC82815088F0018C563 /* SceneDelegate.swift */ = {isa = PBXFileReference; lastKnownFileType = sourcecode.swift; path = SceneDelegate.swift; sourceTree = "<group>"; };
		22BF3DCD2815088F0018C563 /* Base */ = {isa = PBXFileReference; lastKnownFileType = file.storyboard; name = Base; path = Base.lproj/Main.storyboard; sourceTree = "<group>"; };
		22BF3DCF281508900018C563 /* Assets.xcassets */ = {isa = PBXFileReference; lastKnownFileType = folder.assetcatalog; path = Assets.xcassets; sourceTree = "<group>"; };
		22BF3DD2281508900018C563 /* Base */ = {isa = PBXFileReference; lastKnownFileType = file.storyboard; name = Base; path = Base.lproj/LaunchScreen.storyboard; sourceTree = "<group>"; };
		22BF3DD4281508900018C563 /* Info.plist */ = {isa = PBXFileReference; lastKnownFileType = text.plist.xml; path = Info.plist; sourceTree = "<group>"; };
		22BF3DDA281537180018C563 /* IGCollectionViewController.swift */ = {isa = PBXFileReference; lastKnownFileType = sourcecode.swift; path = IGCollectionViewController.swift; sourceTree = "<group>"; };
		22BF3DDC281558FF0018C563 /* IGCollectionViewCell.swift */ = {isa = PBXFileReference; lastKnownFileType = sourcecode.swift; path = IGCollectionViewCell.swift; sourceTree = "<group>"; };
		22BF3DDE28155C7A0018C563 /* InstagramResponse.swift */ = {isa = PBXFileReference; lastKnownFileType = sourcecode.swift; path = InstagramResponse.swift; sourceTree = "<group>"; };
/* End PBXFileReference section */

/* Begin PBXFrameworksBuildPhase section */
		22BF3DC02815088F0018C563 /* Frameworks */ = {
			isa = PBXFrameworksBuildPhase;
			buildActionMask = 2147483647;
			files = (
				220FB0AA2820F7270021AB97 /* Fuzi in Frameworks */,
			);
			runOnlyForDeploymentPostprocessing = 0;
		};
/* End PBXFrameworksBuildPhase section */

/* Begin PBXGroup section */
		22BF3DBA2815088F0018C563 = {
			isa = PBXGroup;
			children = (
				22BF3DDE28155C7A0018C563 /* InstagramResponse.swift */,
				220FB0A2281FD3930021AB97 /* IGCollectionReusableView.swift */,
				22BF3DDA281537180018C563 /* IGCollectionViewController.swift */,
				22BF3DDC281558FF0018C563 /* IGCollectionViewCell.swift */,
				220FB0A4282026110021AB97 /* DetailTableViewController.swift */,
				220FB0A6282026260021AB97 /* DetailTableViewCell.swift */,
				22BF3DC52815088F0018C563 /* IGApiApp */,
				22BF3DC42815088F0018C563 /* Products */,
			);
			sourceTree = "<group>";
		};
		22BF3DC42815088F0018C563 /* Products */ = {
			isa = PBXGroup;
			children = (
				22BF3DC32815088F0018C563 /* IGApiApp.app */,
			);
			name = Products;
			sourceTree = "<group>";
		};
		22BF3DC52815088F0018C563 /* IGApiApp */ = {
			isa = PBXGroup;
			children = (
				22BF3DC62815088F0018C563 /* AppDelegate.swift */,
				22BF3DC82815088F0018C563 /* SceneDelegate.swift */,
				22BF3DCC2815088F0018C563 /* Main.storyboard */,
				22BF3DCF281508900018C563 /* Assets.xcassets */,
				22BF3DD1281508900018C563 /* LaunchScreen.storyboard */,
				22BF3DD4281508900018C563 /* Info.plist */,
			);
			path = IGApiApp;
			sourceTree = "<group>";
		};
/* End PBXGroup section */

/* Begin PBXNativeTarget section */
		22BF3DC22815088F0018C563 /* IGApiApp */ = {
			isa = PBXNativeTarget;
			buildConfigurationList = 22BF3DD7281508900018C563 /* Build configuration list for PBXNativeTarget "IGApiApp" */;
			buildPhases = (
				22BF3DBF2815088F0018C563 /* Sources */,
				22BF3DC02815088F0018C563 /* Frameworks */,
				22BF3DC12815088F0018C563 /* Resources */,
			);
			buildRules = (
			);
			dependencies = (
			);
			name = IGApiApp;
			packageProductDependencies = (
				220FB0A92820F7270021AB97 /* Fuzi */,
			);
			productName = IGApiApp;
			productReference = 22BF3DC32815088F0018C563 /* IGApiApp.app */;
			productType = "com.apple.product-type.application";
		};
/* End PBXNativeTarget section */

/* Begin PBXProject section */
		22BF3DBB2815088F0018C563 /* Project object */ = {
			isa = PBXProject;
			attributes = {
				BuildIndependentTargetsInParallel = 1;
				LastSwiftUpdateCheck = 1330;
				LastUpgradeCheck = 1330;
				TargetAttributes = {
					22BF3DC22815088F0018C563 = {
						CreatedOnToolsVersion = 13.3;
					};
				};
			};
			buildConfigurationList = 22BF3DBE2815088F0018C563 /* Build configuration list for PBXProject "IGApiApp" */;
			compatibilityVersion = "Xcode 13.0";
			developmentRegion = en;
			hasScannedForEncodings = 0;
			knownRegions = (
				en,
				Base,
			);
			mainGroup = 22BF3DBA2815088F0018C563;
			packageReferences = (
				220FB0A82820F7270021AB97 /* XCRemoteSwiftPackageReference "Fuzi" */,
			);
			productRefGroup = 22BF3DC42815088F0018C563 /* Products */;
			projectDirPath = "";
			projectRoot = "";
			targets = (
				22BF3DC22815088F0018C563 /* IGApiApp */,
			);
		};
/* End PBXProject section */

/* Begin PBXResourcesBuildPhase section */
		22BF3DC12815088F0018C563 /* Resources */ = {
			isa = PBXResourcesBuildPhase;
			buildActionMask = 2147483647;
			files = (
				22BF3DD3281508900018C563 /* LaunchScreen.storyboard in Resources */,
				22BF3DD0281508900018C563 /* Assets.xcassets in Resources */,
				22BF3DCE2815088F0018C563 /* Main.storyboard in Resources */,
			);
			runOnlyForDeploymentPostprocessing = 0;
		};
/* End PBXResourcesBuildPhase section */

/* Begin PBXSourcesBuildPhase section */
		22BF3DBF2815088F0018C563 /* Sources */ = {
			isa = PBXSourcesBuildPhase;
			buildActionMask = 2147483647;
			files = (
				220FB0A5282026110021AB97 /* DetailTableViewController.swift in Sources */,
				22BF3DDD281558FF0018C563 /* IGCollectionViewCell.swift in Sources */,
				220FB0A7282026260021AB97 /* DetailTableViewCell.swift in Sources */,
				22BF3DC72815088F0018C563 /* AppDelegate.swift in Sources */,
				22BF3DC92815088F0018C563 /* SceneDelegate.swift in Sources */,
				22BF3DDB281537180018C563 /* IGCollectionViewController.swift in Sources */,
				22BF3DDF28155C7A0018C563 /* InstagramResponse.swift in Sources */,
				220FB0A3281FD3930021AB97 /* IGCollectionReusableView.swift in Sources */,
			);
			runOnlyForDeploymentPostprocessing = 0;
		};
/* End PBXSourcesBuildPhase section */

/* Begin PBXVariantGroup section */
		22BF3DCC2815088F0018C563 /* Main.storyboard */ = {
			isa = PBXVariantGroup;
			children = (
				22BF3DCD2815088F0018C563 /* Base */,
			);
			name = Main.storyboard;
			sourceTree = "<group>";
		};
		22BF3DD1281508900018C563 /* LaunchScreen.storyboard */ = {
			isa = PBXVariantGroup;
			children = (
				22BF3DD2281508900018C563 /* Base */,
			);
			name = LaunchScreen.storyboard;
			sourceTree = "<group>";
		};
/* End PBXVariantGroup section */

/* Begin XCBuildConfiguration section */
		22BF3DD5281508900018C563 /* Debug */ = {
			isa = XCBuildConfiguration;
			buildSettings = {
				ALWAYS_SEARCH_USER_PATHS = NO;
				CLANG_ANALYZER_NONNULL = YES;
				CLANG_ANALYZER_NUMBER_OBJECT_CONVERSION = YES_AGGRESSIVE;
				CLANG_CXX_LANGUAGE_STANDARD = "gnu++17";
				CLANG_ENABLE_MODULES = YES;
				CLANG_ENABLE_OBJC_ARC = YES;
				CLANG_ENABLE_OBJC_WEAK = YES;
				CLANG_WARN_BLOCK_CAPTURE_AUTORELEASING = YES;
				CLANG_WARN_BOOL_CONVERSION = YES;
				CLANG_WARN_COMMA = YES;
				CLANG_WARN_CONSTANT_CONVERSION = YES;
				CLANG_WARN_DEPRECATED_OBJC_IMPLEMENTATIONS = YES;
				CLANG_WARN_DIRECT_OBJC_ISA_USAGE = YES_ERROR;
				CLANG_WARN_DOCUMENTATION_COMMENTS = YES;
				CLANG_WARN_EMPTY_BODY = YES;
				CLANG_WARN_ENUM_CONVERSION = YES;
				CLANG_WARN_INFINITE_RECURSION = YES;
				CLANG_WARN_INT_CONVERSION = YES;
				CLANG_WARN_NON_LITERAL_NULL_CONVERSION = YES;
				CLANG_WARN_OBJC_IMPLICIT_RETAIN_SELF = YES;
				CLANG_WARN_OBJC_LITERAL_CONVERSION = YES;
				CLANG_WARN_OBJC_ROOT_CLASS = YES_ERROR;
				CLANG_WARN_QUOTED_INCLUDE_IN_FRAMEWORK_HEADER = YES;
				CLANG_WARN_RANGE_LOOP_ANALYSIS = YES;
				CLANG_WARN_STRICT_PROTOTYPES = YES;
				CLANG_WARN_SUSPICIOUS_MOVE = YES;
				CLANG_WARN_UNGUARDED_AVAILABILITY = YES_AGGRESSIVE;
				CLANG_WARN_UNREACHABLE_CODE = YES;
				CLANG_WARN__DUPLICATE_METHOD_MATCH = YES;
				COPY_PHASE_STRIP = NO;
				DEBUG_INFORMATION_FORMAT = dwarf;
				ENABLE_STRICT_OBJC_MSGSEND = YES;
				ENABLE_TESTABILITY = YES;
				GCC_C_LANGUAGE_STANDARD = gnu11;
				GCC_DYNAMIC_NO_PIC = NO;
				GCC_NO_COMMON_BLOCKS = YES;
				GCC_OPTIMIZATION_LEVEL = 0;
				GCC_PREPROCESSOR_DEFINITIONS = (
					"DEBUG=1",
					"$(inherited)",
				);
				GCC_WARN_64_TO_32_BIT_CONVERSION = YES;
				GCC_WARN_ABOUT_RETURN_TYPE = YES_ERROR;
				GCC_WARN_UNDECLARED_SELECTOR = YES;
				GCC_WARN_UNINITIALIZED_AUTOS = YES_AGGRESSIVE;
				GCC_WARN_UNUSED_FUNCTION = YES;
				GCC_WARN_UNUSED_VARIABLE = YES;
				IPHONEOS_DEPLOYMENT_TARGET = 15.4;
				MTL_ENABLE_DEBUG_INFO = INCLUDE_SOURCE;
				MTL_FAST_MATH = YES;
				ONLY_ACTIVE_ARCH = YES;
				SDKROOT = iphoneos;
				SWIFT_ACTIVE_COMPILATION_CONDITIONS = DEBUG;
				SWIFT_OPTIMIZATION_LEVEL = "-Onone";
			};
			name = Debug;
		};
		22BF3DD6281508900018C563 /* Release */ = {
			isa = XCBuildConfiguration;
			buildSettings = {
				ALWAYS_SEARCH_USER_PATHS = NO;
				CLANG_ANALYZER_NONNULL = YES;
				CLANG_ANALYZER_NUMBER_OBJECT_CONVERSION = YES_AGGRESSIVE;
				CLANG_CXX_LANGUAGE_STANDARD = "gnu++17";
				CLANG_ENABLE_MODULES = YES;
				CLANG_ENABLE_OBJC_ARC = YES;
				CLANG_ENABLE_OBJC_WEAK = YES;
				CLANG_WARN_BLOCK_CAPTURE_AUTORELEASING = YES;
				CLANG_WARN_BOOL_CONVERSION = YES;
				CLANG_WARN_COMMA = YES;
				CLANG_WARN_CONSTANT_CONVERSION = YES;
				CLANG_WARN_DEPRECATED_OBJC_IMPLEMENTATIONS = YES;
				CLANG_WARN_DIRECT_OBJC_ISA_USAGE = YES_ERROR;
				CLANG_WARN_DOCUMENTATION_COMMENTS = YES;
				CLANG_WARN_EMPTY_BODY = YES;
				CLANG_WARN_ENUM_CONVERSION = YES;
				CLANG_WARN_INFINITE_RECURSION = YES;
				CLANG_WARN_INT_CONVERSION = YES;
				CLANG_WARN_NON_LITERAL_NULL_CONVERSION = YES;
				CLANG_WARN_OBJC_IMPLICIT_RETAIN_SELF = YES;
				CLANG_WARN_OBJC_LITERAL_CONVERSION = YES;
				CLANG_WARN_OBJC_ROOT_CLASS = YES_ERROR;
				CLANG_WARN_QUOTED_INCLUDE_IN_FRAMEWORK_HEADER = YES;
				CLANG_WARN_RANGE_LOOP_ANALYSIS = YES;
				CLANG_WARN_STRICT_PROTOTYPES = YES;
				CLANG_WARN_SUSPICIOUS_MOVE = YES;
				CLANG_WARN_UNGUARDED_AVAILABILITY = YES_AGGRESSIVE;
				CLANG_WARN_UNREACHABLE_CODE = YES;
				CLANG_WARN__DUPLICATE_METHOD_MATCH = YES;
				COPY_PHASE_STRIP = NO;
				DEBUG_INFORMATION_FORMAT = "dwarf-with-dsym";
				ENABLE_NS_ASSERTIONS = NO;
				ENABLE_STRICT_OBJC_MSGSEND = YES;
				GCC_C_LANGUAGE_STANDARD = gnu11;
				GCC_NO_COMMON_BLOCKS = YES;
				GCC_WARN_64_TO_32_BIT_CONVERSION = YES;
				GCC_WARN_ABOUT_RETURN_TYPE = YES_ERROR;
				GCC_WARN_UNDECLARED_SELECTOR = YES;
				GCC_WARN_UNINITIALIZED_AUTOS = YES_AGGRESSIVE;
				GCC_WARN_UNUSED_FUNCTION = YES;
				GCC_WARN_UNUSED_VARIABLE = YES;
				IPHONEOS_DEPLOYMENT_TARGET = 15.4;
				MTL_ENABLE_DEBUG_INFO = NO;
				MTL_FAST_MATH = YES;
				SDKROOT = iphoneos;
				SWIFT_COMPILATION_MODE = wholemodule;
				SWIFT_OPTIMIZATION_LEVEL = "-O";
				VALIDATE_PRODUCT = YES;
			};
			name = Release;
		};
		22BF3DD8281508900018C563 /* Debug */ = {
			isa = XCBuildConfiguration;
			buildSettings = {
				ASSETCATALOG_COMPILER_APPICON_NAME = AppIcon;
				ASSETCATALOG_COMPILER_GLOBAL_ACCENT_COLOR_NAME = AccentColor;
				CODE_SIGN_STYLE = Automatic;
				CURRENT_PROJECT_VERSION = 1;
				DEVELOPMENT_TEAM = B6P696Q79U;
				GENERATE_INFOPLIST_FILE = YES;
				INFOPLIST_FILE = IGApiApp/Info.plist;
				INFOPLIST_KEY_UIApplicationSupportsIndirectInputEvents = YES;
				INFOPLIST_KEY_UILaunchStoryboardName = LaunchScreen;
				INFOPLIST_KEY_UIMainStoryboardFile = Main;
				INFOPLIST_KEY_UISupportedInterfaceOrientations_iPad = "UIInterfaceOrientationPortrait UIInterfaceOrientationPortraitUpsideDown UIInterfaceOrientationLandscapeLeft UIInterfaceOrientationLandscapeRight";
				INFOPLIST_KEY_UISupportedInterfaceOrientations_iPhone = "UIInterfaceOrientationPortrait UIInterfaceOrientationLandscapeLeft UIInterfaceOrientationLandscapeRight";
				LD_RUNPATH_SEARCH_PATHS = (
					"$(inherited)",
					"@executable_path/Frameworks",
				);
				MARKETING_VERSION = 1.0;
				PRODUCT_BUNDLE_IDENTIFIER = casper.com.IGApiApp;
				PRODUCT_NAME = "$(TARGET_NAME)";
				SWIFT_EMIT_LOC_STRINGS = YES;
				SWIFT_VERSION = 5.0;
				TARGETED_DEVICE_FAMILY = "1,2";
			};
			name = Debug;
		};
		22BF3DD9281508900018C563 /* Release */ = {
			isa = XCBuildConfiguration;
			buildSettings = {
				ASSETCATALOG_COMPILER_APPICON_NAME = AppIcon;
				ASSETCATALOG_COMPILER_GLOBAL_ACCENT_COLOR_NAME = AccentColor;
				CODE_SIGN_STYLE = Automatic;
				CURRENT_PROJECT_VERSION = 1;
				DEVELOPMENT_TEAM = B6P696Q79U;
				GENERATE_INFOPLIST_FILE = YES;
				INFOPLIST_FILE = IGApiApp/Info.plist;
				INFOPLIST_KEY_UIApplicationSupportsIndirectInputEvents = YES;
				INFOPLIST_KEY_UILaunchStoryboardName = LaunchScreen;
				INFOPLIST_KEY_UIMainStoryboardFile = Main;
				INFOPLIST_KEY_UISupportedInterfaceOrientations_iPad = "UIInterfaceOrientationPortrait UIInterfaceOrientationPortraitUpsideDown UIInterfaceOrientationLandscapeLeft UIInterfaceOrientationLandscapeRight";
				INFOPLIST_KEY_UISupportedInterfaceOrientations_iPhone = "UIInterfaceOrientationPortrait UIInterfaceOrientationLandscapeLeft UIInterfaceOrientationLandscapeRight";
				LD_RUNPATH_SEARCH_PATHS = (
					"$(inherited)",
					"@executable_path/Frameworks",
				);
				MARKETING_VERSION = 1.0;
				PRODUCT_BUNDLE_IDENTIFIER = casper.com.IGApiApp;
				PRODUCT_NAME = "$(TARGET_NAME)";
				SWIFT_EMIT_LOC_STRINGS = YES;
				SWIFT_VERSION = 5.0;
				TARGETED_DEVICE_FAMILY = "1,2";
			};
			name = Release;
		};
/* End XCBuildConfiguration section */

/* Begin XCConfigurationList section */
		22BF3DBE2815088F0018C563 /* Build configuration list for PBXProject "IGApiApp" */ = {
			isa = XCConfigurationList;
			buildConfigurations = (
				22BF3DD5281508900018C563 /* Debug */,
				22BF3DD6281508900018C563 /* Release */,
			);
			defaultConfigurationIsVisible = 0;
			defaultConfigurationName = Release;
		};
		22BF3DD7281508900018C563 /* Build configuration list for PBXNativeTarget "IGApiApp" */ = {
			isa = XCConfigurationList;
			buildConfigurations = (
				22BF3DD8281508900018C563 /* Debug */,
				22BF3DD9281508900018C563 /* Release */,
			);
			defaultConfigurationIsVisible = 0;
			defaultConfigurationName = Release;
		};
/* End XCConfigurationList section */

/* Begin XCRemoteSwiftPackageReference section */
		220FB0A82820F7270021AB97 /* XCRemoteSwiftPackageReference "Fuzi" */ = {
			isa = XCRemoteSwiftPackageReference;
			repositoryURL = "https://github.com/cezheng/Fuzi";
			requirement = {
				kind = upToNextMajorVersion;
				minimumVersion = 3.0.0;
			};
		};
/* End XCRemoteSwiftPackageReference section */

/* Begin XCSwiftPackageProductDependency section */
		220FB0A92820F7270021AB97 /* Fuzi */ = {
			isa = XCSwiftPackageProductDependency;
			package = 220FB0A82820F7270021AB97 /* XCRemoteSwiftPackageReference "Fuzi" */;
			productName = Fuzi;
		};
/* End XCSwiftPackageProductDependency section */
	};
	rootObject = 22BF3DBB2815088F0018C563 /* Project object */;
}
